// !$*UTF8*$!
{
	archiveVersion = 1;
	classes = {
	};
	objectVersion = 46;
	objects = {

/* Begin PBXBuildFile section */
		CA4C79311DE6048B004EC008 /* Photo+CoreDataClass.swift in Sources */ = {isa = PBXBuildFile; fileRef = CA4C792D1DE6048B004EC008 /* Photo+CoreDataClass.swift */; };
		CA4C79321DE6048B004EC008 /* Photo+CoreDataProperties.swift in Sources */ = {isa = PBXBuildFile; fileRef = CA4C792E1DE6048B004EC008 /* Photo+CoreDataProperties.swift */; };
		CA4C79331DE6048B004EC008 /* Pin+CoreDataClass.swift in Sources */ = {isa = PBXBuildFile; fileRef = CA4C792F1DE6048B004EC008 /* Pin+CoreDataClass.swift */; };
		CA4C79341DE6048B004EC008 /* Pin+CoreDataProperties.swift in Sources */ = {isa = PBXBuildFile; fileRef = CA4C79301DE6048B004EC008 /* Pin+CoreDataProperties.swift */; };
		CAB97DAB1DDCBD3F00C9EACA /* AppDelegate.swift in Sources */ = {isa = PBXBuildFile; fileRef = CAB97DAA1DDCBD3F00C9EACA /* AppDelegate.swift */; };
		CAB97DB01DDCBD3F00C9EACA /* Main.storyboard in Resources */ = {isa = PBXBuildFile; fileRef = CAB97DAE1DDCBD3F00C9EACA /* Main.storyboard */; };
		CAB97DB21DDCBD3F00C9EACA /* Assets.xcassets in Resources */ = {isa = PBXBuildFile; fileRef = CAB97DB11DDCBD3F00C9EACA /* Assets.xcassets */; };
		CAB97DB51DDCBD3F00C9EACA /* LaunchScreen.storyboard in Resources */ = {isa = PBXBuildFile; fileRef = CAB97DB31DDCBD3F00C9EACA /* LaunchScreen.storyboard */; };
		CAB97DBD1DDCD21400C9EACA /* MapViewController.swift in Sources */ = {isa = PBXBuildFile; fileRef = CAB97DBC1DDCD21400C9EACA /* MapViewController.swift */; };
		CAB97DBF1DDE436200C9EACA /* CollectionViewController.swift in Sources */ = {isa = PBXBuildFile; fileRef = CAB97DBE1DDE436200C9EACA /* CollectionViewController.swift */; };
		CAB97DC31DDE624100C9EACA /* CollectionCell.swift in Sources */ = {isa = PBXBuildFile; fileRef = CAB97DC21DDE624100C9EACA /* CollectionCell.swift */; };
		CAB97DC51DDFB3E100C9EACA /* Constants.swift in Sources */ = {isa = PBXBuildFile; fileRef = CAB97DC41DDFB3E100C9EACA /* Constants.swift */; };
		CAB97DC71DDFB5BA00C9EACA /* FlickFinderClient.swift in Sources */ = {isa = PBXBuildFile; fileRef = CAB97DC61DDFB5BA00C9EACA /* FlickFinderClient.swift */; };
		CAB97DC91DE0B3C200C9EACA /* GCD.swift in Sources */ = {isa = PBXBuildFile; fileRef = CAB97DC81DE0B3C200C9EACA /* GCD.swift */; };
		CAB97DCB1DE3E20C00C9EACA /* CoreDataStack.swift in Sources */ = {isa = PBXBuildFile; fileRef = CAB97DCA1DE3E20C00C9EACA /* CoreDataStack.swift */; };
		CAB97DCE1DE3EEED00C9EACA /* Model.xcdatamodeld in Sources */ = {isa = PBXBuildFile; fileRef = CAB97DCC1DE3EEED00C9EACA /* Model.xcdatamodeld */; };
/* End PBXBuildFile section */

/* Begin PBXFileReference section */
		CA2E779D1DED02D900F04CD0 /* Model2.xcdatamodel */ = {isa = PBXFileReference; lastKnownFileType = wrapper.xcdatamodel; path = Model2.xcdatamodel; sourceTree = "<group>"; };
		CA4C792D1DE6048B004EC008 /* Photo+CoreDataClass.swift */ = {isa = PBXFileReference; fileEncoding = 4; lastKnownFileType = sourcecode.swift; path = "Photo+CoreDataClass.swift"; sourceTree = "<group>"; };
		CA4C792E1DE6048B004EC008 /* Photo+CoreDataProperties.swift */ = {isa = PBXFileReference; fileEncoding = 4; lastKnownFileType = sourcecode.swift; path = "Photo+CoreDataProperties.swift"; sourceTree = "<group>"; };
		CA4C792F1DE6048B004EC008 /* Pin+CoreDataClass.swift */ = {isa = PBXFileReference; fileEncoding = 4; lastKnownFileType = sourcecode.swift; path = "Pin+CoreDataClass.swift"; sourceTree = "<group>"; };
		CA4C79301DE6048B004EC008 /* Pin+CoreDataProperties.swift */ = {isa = PBXFileReference; fileEncoding = 4; lastKnownFileType = sourcecode.swift; path = "Pin+CoreDataProperties.swift"; sourceTree = "<group>"; };
		CAB97DA71DDCBD3F00C9EACA /* VirtualTourist.app */ = {isa = PBXFileReference; explicitFileType = wrapper.application; includeInIndex = 0; path = VirtualTourist.app; sourceTree = BUILT_PRODUCTS_DIR; };
		CAB97DAA1DDCBD3F00C9EACA /* AppDelegate.swift */ = {isa = PBXFileReference; lastKnownFileType = sourcecode.swift; path = AppDelegate.swift; sourceTree = "<group>"; };
		CAB97DAF1DDCBD3F00C9EACA /* Base */ = {isa = PBXFileReference; lastKnownFileType = file.storyboard; name = Base; path = Base.lproj/Main.storyboard; sourceTree = "<group>"; };
		CAB97DB11DDCBD3F00C9EACA /* Assets.xcassets */ = {isa = PBXFileReference; lastKnownFileType = folder.assetcatalog; path = Assets.xcassets; sourceTree = "<group>"; };
		CAB97DB41DDCBD3F00C9EACA /* Base */ = {isa = PBXFileReference; lastKnownFileType = file.storyboard; name = Base; path = Base.lproj/LaunchScreen.storyboard; sourceTree = "<group>"; };
		CAB97DB61DDCBD3F00C9EACA /* Info.plist */ = {isa = PBXFileReference; lastKnownFileType = text.plist.xml; path = Info.plist; sourceTree = "<group>"; };
		CAB97DBC1DDCD21400C9EACA /* MapViewController.swift */ = {isa = PBXFileReference; fileEncoding = 4; lastKnownFileType = sourcecode.swift; name = MapViewController.swift; path = ../MapViewController.swift; sourceTree = "<group>"; };
		CAB97DBE1DDE436200C9EACA /* CollectionViewController.swift */ = {isa = PBXFileReference; fileEncoding = 4; lastKnownFileType = sourcecode.swift; path = CollectionViewController.swift; sourceTree = "<group>"; };
		CAB97DC21DDE624100C9EACA /* CollectionCell.swift */ = {isa = PBXFileReference; fileEncoding = 4; lastKnownFileType = sourcecode.swift; path = CollectionCell.swift; sourceTree = "<group>"; };
		CAB97DC41DDFB3E100C9EACA /* Constants.swift */ = {isa = PBXFileReference; fileEncoding = 4; lastKnownFileType = sourcecode.swift; path = Constants.swift; sourceTree = "<group>"; };
		CAB97DC61DDFB5BA00C9EACA /* FlickFinderClient.swift */ = {isa = PBXFileReference; fileEncoding = 4; lastKnownFileType = sourcecode.swift; path = FlickFinderClient.swift; sourceTree = "<group>"; };
		CAB97DC81DE0B3C200C9EACA /* GCD.swift */ = {isa = PBXFileReference; fileEncoding = 4; lastKnownFileType = sourcecode.swift; path = GCD.swift; sourceTree = "<group>"; };
		CAB97DCA1DE3E20C00C9EACA /* CoreDataStack.swift */ = {isa = PBXFileReference; fileEncoding = 4; lastKnownFileType = sourcecode.swift; path = CoreDataStack.swift; sourceTree = "<group>"; };
		CAB97DCD1DE3EEED00C9EACA /* Model.xcdatamodel */ = {isa = PBXFileReference; lastKnownFileType = wrapper.xcdatamodel; path = Model.xcdatamodel; sourceTree = "<group>"; };
/* End PBXFileReference section */

/* Begin PBXFrameworksBuildPhase section */
		CAB97DA41DDCBD3F00C9EACA /* Frameworks */ = {
			isa = PBXFrameworksBuildPhase;
			buildActionMask = 2147483647;
			files = (
			);
			runOnlyForDeploymentPostprocessing = 0;
		};
/* End PBXFrameworksBuildPhase section */

/* Begin PBXGroup section */
		CAB97D9E1DDCBD3F00C9EACA = {
			isa = PBXGroup;
			children = (
				CAB97DA91DDCBD3F00C9EACA /* VirtualTourist */,
				CAB97DA81DDCBD3F00C9EACA /* Products */,
			);
			sourceTree = "<group>";
		};
		CAB97DA81DDCBD3F00C9EACA /* Products */ = {
			isa = PBXGroup;
			children = (
				CAB97DA71DDCBD3F00C9EACA /* VirtualTourist.app */,
			);
			name = Products;
			sourceTree = "<group>";
		};
		CAB97DA91DDCBD3F00C9EACA /* VirtualTourist */ = {
			isa = PBXGroup;
			children = (
				CAB97DAE1DDCBD3F00C9EACA /* Main.storyboard */,
				CAB97DAA1DDCBD3F00C9EACA /* AppDelegate.swift */,
				CAB97DC81DE0B3C200C9EACA /* GCD.swift */,
				CAB97DB11DDCBD3F00C9EACA /* Assets.xcassets */,
				CAB97DB31DDCBD3F00C9EACA /* LaunchScreen.storyboard */,
				CAB97DB61DDCBD3F00C9EACA /* Info.plist */,
				CAB97DCF1DE3EEF700C9EACA /* model */,
				CAB97DC11DDE61F700C9EACA /* Objects */,
				CAB97DC01DDE61E100C9EACA /* Controllers */,
			);
			path = VirtualTourist;
			sourceTree = "<group>";
		};
		CAB97DC01DDE61E100C9EACA /* Controllers */ = {
			isa = PBXGroup;
			children = (
				CAB97DBC1DDCD21400C9EACA /* MapViewController.swift */,
				CAB97DBE1DDE436200C9EACA /* CollectionViewController.swift */,
			);
			name = Controllers;
			sourceTree = "<group>";
		};
		CAB97DC11DDE61F700C9EACA /* Objects */ = {
			isa = PBXGroup;
			children = (
				CAB97DC21DDE624100C9EACA /* CollectionCell.swift */,
				CAB97DC41DDFB3E100C9EACA /* Constants.swift */,
				CAB97DC61DDFB5BA00C9EACA /* FlickFinderClient.swift */,
			);
			name = Objects;
			sourceTree = "<group>";
		};
		CAB97DCF1DE3EEF700C9EACA /* model */ = {
			isa = PBXGroup;
			children = (
				CAB97DCA1DE3E20C00C9EACA /* CoreDataStack.swift */,
				CA4C792D1DE6048B004EC008 /* Photo+CoreDataClass.swift */,
				CA4C792E1DE6048B004EC008 /* Photo+CoreDataProperties.swift */,
				CA4C792F1DE6048B004EC008 /* Pin+CoreDataClass.swift */,
				CA4C79301DE6048B004EC008 /* Pin+CoreDataProperties.swift */,
				CAB97DCC1DE3EEED00C9EACA /* Model.xcdatamodeld */,
			);
			name = model;
			sourceTree = "<group>";
		};
/* End PBXGroup section */

/* Begin PBXNativeTarget section */
		CAB97DA61DDCBD3F00C9EACA /* VirtualTourist */ = {
			isa = PBXNativeTarget;
			buildConfigurationList = CAB97DB91DDCBD3F00C9EACA /* Build configuration list for PBXNativeTarget "VirtualTourist" */;
			buildPhases = (
				CAB97DA31DDCBD3F00C9EACA /* Sources */,
				CAB97DA41DDCBD3F00C9EACA /* Frameworks */,
				CAB97DA51DDCBD3F00C9EACA /* Resources */,
			);
			buildRules = (
			);
			dependencies = (
			);
			name = VirtualTourist;
			productName = VirtualTourist;
			productReference = CAB97DA71DDCBD3F00C9EACA /* VirtualTourist.app */;
			productType = "com.apple.product-type.application";
		};
/* End PBXNativeTarget section */

/* Begin PBXProject section */
		CAB97D9F1DDCBD3F00C9EACA /* Project object */ = {
			isa = PBXProject;
			attributes = {
				LastSwiftUpdateCheck = 0810;
				LastUpgradeCheck = 0810;
				ORGANIZATIONNAME = "Carlos De la mora";
				TargetAttributes = {
					CAB97DA61DDCBD3F00C9EACA = {
						CreatedOnToolsVersion = 8.1;
						DevelopmentTeam = 5PRK9NET39;
						ProvisioningStyle = Automatic;
					};
				};
			};
			buildConfigurationList = CAB97DA21DDCBD3F00C9EACA /* Build configuration list for PBXProject "VirtualTourist" */;
			compatibilityVersion = "Xcode 3.2";
			developmentRegion = English;
			hasScannedForEncodings = 0;
			knownRegions = (
				en,
				Base,
			);
			mainGroup = CAB97D9E1DDCBD3F00C9EACA;
			productRefGroup = CAB97DA81DDCBD3F00C9EACA /* Products */;
			projectDirPath = "";
			projectRoot = "";
			targets = (
				CAB97DA61DDCBD3F00C9EACA /* VirtualTourist */,
			);
		};
/* End PBXProject section */

/* Begin PBXResourcesBuildPhase section */
		CAB97DA51DDCBD3F00C9EACA /* Resources */ = {
			isa = PBXResourcesBuildPhase;
			buildActionMask = 2147483647;
			files = (
				CAB97DB51DDCBD3F00C9EACA /* LaunchScreen.storyboard in Resources */,
				CAB97DB21DDCBD3F00C9EACA /* Assets.xcassets in Resources */,
				CAB97DB01DDCBD3F00C9EACA /* Main.storyboard in Resources */,
			);
			runOnlyForDeploymentPostprocessing = 0;
		};
/* End PBXResourcesBuildPhase section */

/* Begin PBXSourcesBuildPhase section */
		CAB97DA31DDCBD3F00C9EACA /* Sources */ = {
			isa = PBXSourcesBuildPhase;
			buildActionMask = 2147483647;
			files = (
				CAB97DC91DE0B3C200C9EACA /* GCD.swift in Sources */,
				CAB97DC71DDFB5BA00C9EACA /* FlickFinderClient.swift in Sources */,
				CA4C79321DE6048B004EC008 /* Photo+CoreDataProperties.swift in Sources */,
				CAB97DC51DDFB3E100C9EACA /* Constants.swift in Sources */,
				CAB97DBF1DDE436200C9EACA /* CollectionViewController.swift in Sources */,
				CA4C79341DE6048B004EC008 /* Pin+CoreDataProperties.swift in Sources */,
				CAB97DAB1DDCBD3F00C9EACA /* AppDelegate.swift in Sources */,
				CAB97DCE1DE3EEED00C9EACA /* Model.xcdatamodeld in Sources */,
				CAB97DBD1DDCD21400C9EACA /* MapViewController.swift in Sources */,
				CA4C79311DE6048B004EC008 /* Photo+CoreDataClass.swift in Sources */,
				CA4C79331DE6048B004EC008 /* Pin+CoreDataClass.swift in Sources */,
				CAB97DC31DDE624100C9EACA /* CollectionCell.swift in Sources */,
				CAB97DCB1DE3E20C00C9EACA /* CoreDataStack.swift in Sources */,
			);
			runOnlyForDeploymentPostprocessing = 0;
		};
/* End PBXSourcesBuildPhase section */

/* Begin PBXVariantGroup section */
		CAB97DAE1DDCBD3F00C9EACA /* Main.storyboard */ = {
			isa = PBXVariantGroup;
			children = (
				CAB97DAF1DDCBD3F00C9EACA /* Base */,
			);
			name = Main.storyboard;
			sourceTree = "<group>";
		};
		CAB97DB31DDCBD3F00C9EACA /* LaunchScreen.storyboard */ = {
			isa = PBXVariantGroup;
			children = (
				CAB97DB41DDCBD3F00C9EACA /* Base */,
			);
			name = LaunchScreen.storyboard;
			sourceTree = "<group>";
		};
/* End PBXVariantGroup section */

/* Begin XCBuildConfiguration section */
		CAB97DB71DDCBD3F00C9EACA /* Debug */ = {
			isa = XCBuildConfiguration;
			buildSettings = {
				ALWAYS_SEARCH_USER_PATHS = NO;
				CLANG_ANALYZER_NONNULL = YES;
				CLANG_CXX_LANGUAGE_STANDARD = "gnu++0x";
				CLANG_CXX_LIBRARY = "libc++";
				CLANG_ENABLE_MODULES = YES;
				CLANG_ENABLE_OBJC_ARC = YES;
				CLANG_WARN_BOOL_CONVERSION = YES;
				CLANG_WARN_CONSTANT_CONVERSION = YES;
				CLANG_WARN_DIRECT_OBJC_ISA_USAGE = YES_ERROR;
				CLANG_WARN_DOCUMENTATION_COMMENTS = YES;
				CLANG_WARN_EMPTY_BODY = YES;
				CLANG_WARN_ENUM_CONVERSION = YES;
				CLANG_WARN_INFINITE_RECURSION = YES;
				CLANG_WARN_INT_CONVERSION = YES;
				CLANG_WARN_OBJC_ROOT_CLASS = YES_ERROR;
				CLANG_WARN_SUSPICIOUS_MOVES = YES;
				CLANG_WARN_UNREACHABLE_CODE = YES;
				CLANG_WARN__DUPLICATE_METHOD_MATCH = YES;
				"CODE_SIGN_IDENTITY[sdk=iphoneos*]" = "iPhone Developer";
				COPY_PHASE_STRIP = NO;
				DEBUG_INFORMATION_FORMAT = dwarf;
				ENABLE_STRICT_OBJC_MSGSEND = YES;
				ENABLE_TESTABILITY = YES;
				GCC_C_LANGUAGE_STANDARD = gnu99;
				GCC_DYNAMIC_NO_PIC = NO;
				GCC_NO_COMMON_BLOCKS = YES;
				GCC_OPTIMIZATION_LEVEL = 0;
				GCC_PREPROCESSOR_DEFINITIONS = (
					"DEBUG=1",
					"$(inherited)",
				);
				GCC_WARN_64_TO_32_BIT_CONVERSION = YES;
				GCC_WARN_ABOUT_RETURN_TYPE = YES_ERROR;
				GCC_WARN_UNDECLARED_SELECTOR = YES;
				GCC_WARN_UNINITIALIZED_AUTOS = YES_AGGRESSIVE;
				GCC_WARN_UNUSED_FUNCTION = YES;
				GCC_WARN_UNUSED_VARIABLE = YES;
				IPHONEOS_DEPLOYMENT_TARGET = 10.1;
				MTL_ENABLE_DEBUG_INFO = YES;
				ONLY_ACTIVE_ARCH = YES;
				SDKROOT = iphoneos;
				SWIFT_ACTIVE_COMPILATION_CONDITIONS = DEBUG;
				SWIFT_OPTIMIZATION_LEVEL = "-Onone";
				TARGETED_DEVICE_FAMILY = "1,2";
			};
			name = Debug;
		};
		CAB97DB81DDCBD3F00C9EACA /* Release */ = {
			isa = XCBuildConfiguration;
			buildSettings = {
				ALWAYS_SEARCH_USER_PATHS = NO;
				CLANG_ANALYZER_NONNULL = YES;
				CLANG_CXX_LANGUAGE_STANDARD = "gnu++0x";
				CLANG_CXX_LIBRARY = "libc++";
				CLANG_ENABLE_MODULES = YES;
				CLANG_ENABLE_OBJC_ARC = YES;
				CLANG_WARN_BOOL_CONVERSION = YES;
				CLANG_WARN_CONSTANT_CONVERSION = YES;
				CLANG_WARN_DIRECT_OBJC_ISA_USAGE = YES_ERROR;
				CLANG_WARN_DOCUMENTATION_COMMENTS = YES;
				CLANG_WARN_EMPTY_BODY = YES;
				CLANG_WARN_ENUM_CONVERSION = YES;
				CLANG_WARN_INFINITE_RECURSION = YES;
				CLANG_WARN_INT_CONVERSION = YES;
				CLANG_WARN_OBJC_ROOT_CLASS = YES_ERROR;
				CLANG_WARN_SUSPICIOUS_MOVES = YES;
				CLANG_WARN_UNREACHABLE_CODE = YES;
				CLANG_WARN__DUPLICATE_METHOD_MATCH = YES;
				"CODE_SIGN_IDENTITY[sdk=iphoneos*]" = "iPhone Developer";
				COPY_PHASE_STRIP = NO;
				DEBUG_INFORMATION_FORMAT = "dwarf-with-dsym";
				ENABLE_NS_ASSERTIONS = NO;
				ENABLE_STRICT_OBJC_MSGSEND = YES;
				GCC_C_LANGUAGE_STANDARD = gnu99;
				GCC_NO_COMMON_BLOCKS = YES;
				GCC_WARN_64_TO_32_BIT_CONVERSION = YES;
				GCC_WARN_ABOUT_RETURN_TYPE = YES_ERROR;
				GCC_WARN_UNDECLARED_SELECTOR = YES;
				GCC_WARN_UNINITIALIZED_AUTOS = YES_AGGRESSIVE;
				GCC_WARN_UNUSED_FUNCTION = YES;
				GCC_WARN_UNUSED_VARIABLE = YES;
				IPHONEOS_DEPLOYMENT_TARGET = 10.1;
				MTL_ENABLE_DEBUG_INFO = NO;
				SDKROOT = iphoneos;
				SWIFT_OPTIMIZATION_LEVEL = "-Owholemodule";
				TARGETED_DEVICE_FAMILY = "1,2";
				VALIDATE_PRODUCT = YES;
			};
			name = Release;
		};
		CAB97DBA1DDCBD3F00C9EACA /* Debug */ = {
			isa = XCBuildConfiguration;
			buildSettings = {
				ASSETCATALOG_COMPILER_APPICON_NAME = AppIcon;
				DEVELOPMENT_TEAM = 5PRK9NET39;
				INFOPLIST_FILE = VirtualTourist/Info.plist;
				LD_RUNPATH_SEARCH_PATHS = "$(inherited) @executable_path/Frameworks";
				PRODUCT_BUNDLE_IDENTIFIER = noCompany.VirtualTourist;
				PRODUCT_NAME = "$(TARGET_NAME)";
				SWIFT_VERSION = 3.0;
			};
			name = Debug;
		};
		CAB97DBB1DDCBD3F00C9EACA /* Release */ = {
			isa = XCBuildConfiguration;
			buildSettings = {
				ASSETCATALOG_COMPILER_APPICON_NAME = AppIcon;
				DEVELOPMENT_TEAM = 5PRK9NET39;
				INFOPLIST_FILE = VirtualTourist/Info.plist;
				LD_RUNPATH_SEARCH_PATHS = "$(inherited) @executable_path/Frameworks";
				PRODUCT_BUNDLE_IDENTIFIER = noCompany.VirtualTourist;
				PRODUCT_NAME = "$(TARGET_NAME)";
				SWIFT_VERSION = 3.0;
			};
			name = Release;
		};
/* End XCBuildConfiguration section */

/* Begin XCConfigurationList section */
		CAB97DA21DDCBD3F00C9EACA /* Build configuration list for PBXProject "VirtualTourist" */ = {
			isa = XCConfigurationList;
			buildConfigurations = (
				CAB97DB71DDCBD3F00C9EACA /* Debug */,
				CAB97DB81DDCBD3F00C9EACA /* Release */,
			);
			defaultConfigurationIsVisible = 0;
			defaultConfigurationName = Release;
		};
		CAB97DB91DDCBD3F00C9EACA /* Build configuration list for PBXNativeTarget "VirtualTourist" */ = {
			isa = XCConfigurationList;
			buildConfigurations = (
				CAB97DBA1DDCBD3F00C9EACA /* Debug */,
				CAB97DBB1DDCBD3F00C9EACA /* Release */,
			);
			defaultConfigurationIsVisible = 0;
			defaultConfigurationName = Release;
		};
/* End XCConfigurationList section */

/* Begin XCVersionGroup section */
		CAB97DCC1DE3EEED00C9EACA /* Model.xcdatamodeld */ = {
			isa = XCVersionGroup;
			children = (
				CA2E779D1DED02D900F04CD0 /* Model2.xcdatamodel */,
				CAB97DCD1DE3EEED00C9EACA /* Model.xcdatamodel */,
			);
			currentVersion = CA2E779D1DED02D900F04CD0 /* Model2.xcdatamodel */;
			path = Model.xcdatamodeld;
			sourceTree = "<group>";
			versionGroupType = wrapper.xcdatamodel;
		};
/* End XCVersionGroup section */
	};
	rootObject = CAB97D9F1DDCBD3F00C9EACA /* Project object */;
}
